{
  "nodes": {
    "nixpkgs": {
      "locked": {
        "lastModified": 1719824438,
        "narHash": "sha256-pY0wosAgcr9W4vmGML0T3BVhQiGuKoozCbs2t+Je1zc=",
        "owner": "nixos",
        "repo": "nixpkgs",
        "rev": "7f993cdf26ccef564eabf31fdb40d140821e12bc",
        "type": "github"
      },
      "original": {
        "owner": "nixos",
        "ref": "nixos-unstable-small",
        "repo": "nixpkgs",
        "type": "github"
      }
    },
    "nixpkgs-for-php": {
      "locked": {
        "lastModified": 1670538458,
        "narHash": "sha256-mvKmBkdlhzsMBtnzYXjYn08EGw9rFBEE9hp4Uqgol1Q=",
        "owner": "nixos",
        "repo": "nixpkgs",
        "rev": "99ec06122f481588abafd91f2710d80a5320efe6",
        "type": "github"
      },
      "original": {
        "owner": "nixos",
        "ref": "nixos-22.05",
        "repo": "nixpkgs",
        "type": "github"
      }
    },
    "nixpkgs_2": {
      "locked": {
        "lastModified": 1670543317,
        "narHash": "sha256-4mMR56rtxKr+Gwz399jFr4i76SQZxsLWxxyfQlPXRm0=",
        "owner": "nixos",
        "repo": "nixpkgs",
        "rev": "7a6a010c3a1d00f8470a5ca888f2f927f1860a19",
        "type": "github"
      },
      "original": {
        "owner": "nixos",
        "ref": "nixos-22.11",
        "repo": "nixpkgs",
        "type": "github"
      }
    },
    "ofborg": {
      "inputs": {
        "nixpkgs": "nixpkgs_2",
        "nixpkgs-for-php": "nixpkgs-for-php"
      },
      "locked": {
        "lastModified": 1716162078,
        "narHash": "sha256-KSmbr0l6imKQDFUTD5qV5LWBRTCKV0C8YUu7cxW1Onw=",
        "owner": "nixos",
        "repo": "ofborg",
        "rev": "1d74f577a10ca1adbc933bdfb966d380aa343eb1",
        "type": "github"
      },
      "original": {
        "owner": "nixos",
        "repo": "ofborg",
        "type": "github"
      }
    },
    "root": {
      "inputs": {
        "nixpkgs": "nixpkgs",
        "ofborg": "ofborg"
      }
    }
  },
  "root": "root",
  "version": 7
}
